
Microsoft Visual Studio Solution File, Format Version 12.00
# Visual Studio Version 16
VisualStudioVersion = 25.0.1705.2
MinimumVisualStudioVersion = 10.0.40219.1
Project("{FAE04EC0-301F-11D3-BF4B-00C04F79EFBC}") = "MauiBottomSheet", "MauiBottomSheet\MauiBottomSheet.csproj", "{3FEF73FC-8824-4B16-B224-7922AA6CAE5B}"
EndProject
Project("{FAE04EC0-301F-11D3-BF4B-00C04F79EFBC}") = "Samples", "Samples\Samples.csproj", "{21764EC6-F6BB-4806-B627-25DDDD4784DB}"
EndProject
Global
	GlobalSection(SolutionConfigurationPlatforms) = preSolution
		Debug|Any CPU = Debug|Any CPU
		Release|Any CPU = Release|Any CPU
	EndGlobalSection
	GlobalSection(ProjectConfigurationPlatforms) = postSolution
		{3FEF73FC-8824-4B16-B224-7922AA6CAE5B}.Debug|Any CPU.ActiveCfg = Debug|Any CPU
		{3FEF73FC-8824-4B16-B224-7922AA6CAE5B}.Debug|Any CPU.Build.0 = Debug|Any CPU
		{3FEF73FC-8824-4B16-B224-7922AA6CAE5B}.Release|Any CPU.ActiveCfg = Release|Any CPU
		{3FEF73FC-8824-4B16-B224-7922AA6CAE5B}.Release|Any CPU.Build.0 = Release|Any CPU
		{21764EC6-F6BB-4806-B627-25DDDD4784DB}.Debug|Any CPU.ActiveCfg = Debug|Any CPU
		{21764EC6-F6BB-4806-B627-25DDDD4784DB}.Debug|Any CPU.Build.0 = Debug|Any CPU
		{21764EC6-F6BB-4806-B627-25DDDD4784DB}.Release|Any CPU.ActiveCfg = Release|Any CPU
		{21764EC6-F6BB-4806-B627-25DDDD4784DB}.Release|Any CPU.Build.0 = Release|Any CPU
	EndGlobalSection
	GlobalSection(SolutionProperties) = preSolution
		HideSolutionNode = FALSE
	EndGlobalSection
	GlobalSection(ExtensibilityGlobals) = postSolution
		SolutionGuid = {AD5367BC-F97D-4173-832B-0ADCBF3DA1E9}
	EndGlobalSection
EndGlobal
